
Microsoft Visual Studio Solution File, Format Version 12.00
# Visual Studio Version 17
VisualStudioVersion = 17.4.33122.133
MinimumVisualStudioVersion = 10.0.40219.1
Project("{FAE04EC0-301F-11D3-BF4B-00C04F79EFBC}") = "Program5", "Program5.csproj", "{0D7B6C09-A18A-42D8-9D8C-9DBD7A695101}"
EndProject
Global
	GlobalSection(SolutionConfigurationPlatforms) = preSolution
		Debug|Any CPU = Debug|Any CPU
		Release|Any CPU = Release|Any CPU
	EndGlobalSection
	GlobalSection(ProjectConfigurationPlatforms) = postSolution
		{0D7B6C09-A18A-42D8-9D8C-9DBD7A695101}.Debug|Any CPU.ActiveCfg = Debug|Any CPU
		{0D7B6C09-A18A-42D8-9D8C-9DBD7A695101}.Debug|Any CPU.Build.0 = Debug|Any CPU
		{0D7B6C09-A18A-42D8-9D8C-9DBD7A695101}.Release|Any CPU.ActiveCfg = Release|Any CPU
		{0D7B6C09-A18A-42D8-9D8C-9DBD7A695101}.Release|Any CPU.Build.0 = Release|Any CPU
	EndGlobalSection
	GlobalSection(SolutionProperties) = preSolution
		HideSolutionNode = FALSE
	EndGlobalSection
	GlobalSection(ExtensibilityGlobals) = postSolution
		SolutionGuid = {0E050AD9-396B-49C1-A2D7-5A7949BD94DE}
	EndGlobalSection
EndGlobal
